
Microsoft Visual Studio Solution File, Format Version 12.00
# Visual Studio 14
VisualStudioVersion = 14.0.25420.1
MinimumVisualStudioVersion = 10.0.40219.1
Project("{FAE04EC0-301F-11D3-BF4B-00C04F79EFBC}") = "rayTracer", "rayTracer\rayTracer.csproj", "{B575354C-F84C-4635-8D0D-64B24D271D9D}"
EndProject
Global
	GlobalSection(SolutionConfigurationPlatforms) = preSolution
		Debug|Any CPU = Debug|Any CPU
		Release|Any CPU = Release|Any CPU
	EndGlobalSection
	GlobalSection(ProjectConfigurationPlatforms) = postSolution
		{B575354C-F84C-4635-8D0D-64B24D271D9D}.Debug|Any CPU.ActiveCfg = Debug|Any CPU
		{B575354C-F84C-4635-8D0D-64B24D271D9D}.Debug|Any CPU.Build.0 = Debug|Any CPU
		{B575354C-F84C-4635-8D0D-64B24D271D9D}.Release|Any CPU.ActiveCfg = Release|Any CPU
		{B575354C-F84C-4635-8D0D-64B24D271D9D}.Release|Any CPU.Build.0 = Release|Any CPU
	EndGlobalSection
	GlobalSection(SolutionProperties) = preSolution
		HideSolutionNode = FALSE
	EndGlobalSection
EndGlobal
